// !$*UTF8*$!
{
	archiveVersion = 1;
	classes = {
	};
	objectVersion = 77;
	objects = {

/* Begin PBXBuildFile section */
		36BA73FF2FBAA230008EBF57 /* FuelAid.storekit in Resources */ = {isa = PBXBuildFile; fileRef = 36BA73FE2FBAA230008EBF57 /* FuelAid.storekit */; };
/* End PBXBuildFile section */

/* Begin PBXContainerItemProxy section */
		36BA73D72FBA8BE3008EBF57 /* PBXContainerItemProxy */ = {
			isa = PBXContainerItemProxy;
			containerPortal = 36BA73BA2FBA8BE2008EBF57 /* Project object */;
			proxyType = 1;
			remoteGlobalIDString = 36BA73C12FBA8BE2008EBF57;
			remoteInfo = FuelAid;
		};
		36BA73E12FBA8BE3008EBF57 /* PBXContainerItemProxy */ = {
			isa = PBXContainerItemProxy;
			containerPortal = 36BA73BA2FBA8BE2008EBF57 /* Project object */;
			proxyType = 1;
			remoteGlobalIDString = 36BA73C12FBA8BE2008EBF57;
			remoteInfo = FuelAid;
		};
/* End PBXContainerItemProxy section */

/* Begin PBXFileReference section */
		36BA73C22FBA8BE2008EBF57 /* FuelAid.app */ = {isa = PBXFileReference; explicitFileType = wrapper.application; includeInIndex = 0; path = FuelAid.app; sourceTree = BUILT_PRODUCTS_DIR; };
		36BA73D62FBA8BE3008EBF57 /* FuelAidTests.xctest */ = {isa = PBXFileReference; explicitFileType = wrapper.cfbundle; includeInIndex = 0; path = FuelAidTests.xctest; sourceTree = BUILT_PRODUCTS_DIR; };
		36BA73E02FBA8BE3008EBF57 /* FuelAidUITests.xctest */ = {isa = PBXFileReference; explicitFileType = wrapper.cfbundle; includeInIndex = 0; path = FuelAidUITests.xctest; sourceTree = BUILT_PRODUCTS_DIR; };
		36BA73FE2FBAA230008EBF57 /* FuelAid.storekit */ = {isa = PBXFileReference; lastKnownFileType = text; name = FuelAid.storekit; path = FuelAid/FuelAid.storekit; sourceTree = "<group>"; };
/* End PBXFileReference section */

/* Begin PBXFileSystemSynchronizedBuildFileExceptionSet section */
		36BA73E82FBA8BE3008EBF57 /* Exceptions for "FuelAid" folder in "FuelAid" target */ = {
			isa = PBXFileSystemSynchronizedBuildFileExceptionSet;
			membershipExceptions = (
				Info.plist,
			);
			target = 36BA73C12FBA8BE2008EBF57 /* FuelAid */;
		};
/* End PBXFileSystemSynchronizedBuildFileExceptionSet section */

/* Begin PBXFileSystemSynchronizedRootGroup section */
		36BA73C42FBA8BE2008EBF57 /* FuelAid */ = {
			isa = PBXFileSystemSynchronizedRootGroup;
			exceptions = (
				36BA73E82FBA8BE3008EBF57 /* Exceptions for "FuelAid" folder in "FuelAid" target */,
			);
			path = FuelAid;
			sourceTree = "<group>";
		};
		36BA73D92FBA8BE3008EBF57 /* FuelAidTests */ = {
			isa = PBXFileSystemSynchronizedRootGroup;
			path = FuelAidTests;
			sourceTree = "<group>";
		};
		36BA73E32FBA8BE3008EBF57 /* FuelAidUITests */ = {
			isa = PBXFileSystemSynchronizedRootGroup;
			path = FuelAidUITests;
			sourceTree = "<group>";
		};
/* End PBXFileSystemSynchronizedRootGroup section */

/* Begin PBXFrameworksBuildPhase section */
		36BA73BF2FBA8BE2008EBF57 /* Frameworks */ = {
			isa = PBXFrameworksBuildPhase;
			buildActionMask = 2147483647;
			files = (
			);
			runOnlyForDeploymentPostprocessing = 0;
		};
		36BA73D32FBA8BE3008EBF57 /* Frameworks */ = {
			isa = PBXFrameworksBuildPhase;
			buildActionMask = 2147483647;
			files = (
			);
			runOnlyForDeploymentPostprocessing = 0;
		};
		36BA73DD2FBA8BE3008EBF57 /* Frameworks */ = {
			isa = PBXFrameworksBuildPhase;
			buildActionMask = 2147483647;
			files = (
			);
			runOnlyForDeploymentPostprocessing = 0;
		};
/* End PBXFrameworksBuildPhase section */

/* Begin PBXGroup section */
		36BA73B92FBA8BE2008EBF57 = {
			isa = PBXGroup;
			children = (
				36BA73FE2FBAA230008EBF57 /* FuelAid.storekit */,
				36BA73C42FBA8BE2008EBF57 /* FuelAid */,
				36BA73D92FBA8BE3008EBF57 /* FuelAidTests */,
				36BA73E32FBA8BE3008EBF57 /* FuelAidUITests */,
				36BA73C32FBA8BE2008EBF57 /* Products */,
			);
			sourceTree = "<group>";
		};
		36BA73C32FBA8BE2008EBF57 /* Products */ = {
			isa = PBXGroup;
			children = (
				36BA73C22FBA8BE2008EBF57 /* FuelAid.app */,
				36BA73D62FBA8BE3008EBF57 /* FuelAidTests.xctest */,
				36BA73E02FBA8BE3008EBF57 /* FuelAidUITests.xctest */,
			);
			name = Products;
			sourceTree = "<group>";
		};
/* End PBXGroup section */

/* Begin PBXNativeTarget section */
		36BA73C12FBA8BE2008EBF57 /* FuelAid */ = {
			isa = PBXNativeTarget;
			buildConfigurationList = 36BA73E92FBA8BE3008EBF57 /* Build configuration list for PBXNativeTarget "FuelAid" */;
			buildPhases = (
				36BA73BE2FBA8BE2008EBF57 /* Sources */,
				36BA73BF2FBA8BE2008EBF57 /* Frameworks */,
				36BA73C02FBA8BE2008EBF57 /* Resources */,
			);
			buildRules = (
			);
			dependencies = (
			);
			fileSystemSynchronizedGroups = (
				36BA73C42FBA8BE2008EBF57 /* FuelAid */,
			);
			name = FuelAid;
			packageProductDependencies = (
			);
			productName = FuelAid;
			productReference = 36BA73C22FBA8BE2008EBF57 /* FuelAid.app */;
			productType = "com.apple.product-type.application";
		};
		36BA73D52FBA8BE3008EBF57 /* FuelAidTests */ = {
			isa = PBXNativeTarget;
			buildConfigurationList = 36BA73EE2FBA8BE3008EBF57 /* Build configuration list for PBXNativeTarget "FuelAidTests" */;
			buildPhases = (
				36BA73D22FBA8BE3008EBF57 /* Sources */,
				36BA73D32FBA8BE3008EBF57 /* Frameworks */,
				36BA73D42FBA8BE3008EBF57 /* Resources */,
			);
			buildRules = (
			);
			dependencies = (
				36BA73D82FBA8BE3008EBF57 /* PBXTargetDependency */,
			);
			fileSystemSynchronizedGroups = (
				36BA73D92FBA8BE3008EBF57 /* FuelAidTests */,
			);
			name = FuelAidTests;
			packageProductDependencies = (
			);
			productName = FuelAidTests;
			productReference = 36BA73D62FBA8BE3008EBF57 /* FuelAidTests.xctest */;
			productType = "com.apple.product-type.bundle.unit-test";
		};
		36BA73DF2FBA8BE3008EBF57 /* FuelAidUITests */ = {
			isa = PBXNativeTarget;
			buildConfigurationList = 36BA73F12FBA8BE3008EBF57 /* Build configuration list for PBXNativeTarget "FuelAidUITests" */;
			buildPhases = (
				36BA73DC2FBA8BE3008EBF57 /* Sources */,
				36BA73DD2FBA8BE3008EBF57 /* Frameworks */,
				36BA73DE2FBA8BE3008EBF57 /* Resources */,
			);
			buildRules = (
			);
			dependencies = (
				36BA73E22FBA8BE3008EBF57 /* PBXTargetDependency */,
			);
			fileSystemSynchronizedGroups = (
				36BA73E32FBA8BE3008EBF57 /* FuelAidUITests */,
			);
			name = FuelAidUITests;
			packageProductDependencies = (
			);
			productName = FuelAidUITests;
			productReference = 36BA73E02FBA8BE3008EBF57 /* FuelAidUITests.xctest */;
			productType = "com.apple.product-type.bundle.ui-testing";
		};
/* End PBXNativeTarget section */

/* Begin PBXProject section */
		36BA73BA2FBA8BE2008EBF57 /* Project object */ = {
			isa = PBXProject;
			attributes = {
				BuildIndependentTargetsInParallel = 1;
				LastSwiftUpdateCheck = 2650;
				LastUpgradeCheck = 2650;
				TargetAttributes = {
					36BA73C12FBA8BE2008EBF57 = {
						CreatedOnToolsVersion = 26.5;
					};
					36BA73D52FBA8BE3008EBF57 = {
						CreatedOnToolsVersion = 26.5;
						TestTargetID = 36BA73C12FBA8BE2008EBF57;
					};
					36BA73DF2FBA8BE3008EBF57 = {
						CreatedOnToolsVersion = 26.5;
						TestTargetID = 36BA73C12FBA8BE2008EBF57;
					};
				};
			};
			buildConfigurationList = 36BA73BD2FBA8BE2008EBF57 /* Build configuration list for PBXProject "FuelAid" */;
			developmentRegion = en;
			hasScannedForEncodings = 0;
			knownRegions = (
				en,
				Base,
			);
			mainGroup = 36BA73B92FBA8BE2008EBF57;
			minimizedProjectReferenceProxies = 1;
			preferredProjectObjectVersion = 77;
			productRefGroup = 36BA73C32FBA8BE2008EBF57 /* Products */;
			projectDirPath = "";
			projectRoot = "";
			targets = (
				36BA73C12FBA8BE2008EBF57 /* FuelAid */,
				36BA73D52FBA8BE3008EBF57 /* FuelAidTests */,
				36BA73DF2FBA8BE3008EBF57 /* FuelAidUITests */,
			);
		};
/* End PBXProject section */

/* Begin PBXResourcesBuildPhase section */
		36BA73C02FBA8BE2008EBF57 /* Resources */ = {
			isa = PBXResourcesBuildPhase;
			buildActionMask = 2147483647;
			files = (
				36BA73FF2FBAA230008EBF57 /* FuelAid.storekit in Resources */,
			);
			runOnlyForDeploymentPostprocessing = 0;
		};
		36BA73D42FBA8BE3008EBF57 /* Resources */ = {
			isa = PBXResourcesBuildPhase;
			buildActionMask = 2147483647;
			files = (
			);
			runOnlyForDeploymentPostprocessing = 0;
		};
		36BA73DE2FBA8BE3008EBF57 /* Resources */ = {
			isa = PBXResourcesBuildPhase;
			buildActionMask = 2147483647;
			files = (
			);
			runOnlyForDeploymentPostprocessing = 0;
		};
/* End PBXResourcesBuildPhase section */

/* Begin PBXSourcesBuildPhase section */
		36BA73BE2FBA8BE2008EBF57 /* Sources */ = {
			isa = PBXSourcesBuildPhase;
			buildActionMask = 2147483647;
			files = (
			);
			runOnlyForDeploymentPostprocessing = 0;
		};
		36BA73D22FBA8BE3008EBF57 /* Sources */ = {
			isa = PBXSourcesBuildPhase;
			buildActionMask = 2147483647;
			files = (
			);
			runOnlyForDeploymentPostprocessing = 0;
		};
		36BA73DC2FBA8BE3008EBF57 /* Sources */ = {
			isa = PBXSourcesBuildPhase;
			buildActionMask = 2147483647;
			files = (
			);
			runOnlyForDeploymentPostprocessing = 0;
		};
/* End PBXSourcesBuildPhase section */

/* Begin PBXTargetDependency section */
		36BA73D82FBA8BE3008EBF57 /* PBXTargetDependency */ = {
			isa = PBXTargetDependency;
			target = 36BA73C12FBA8BE2008EBF57 /* FuelAid */;
			targetProxy = 36BA73D72FBA8BE3008EBF57 /* PBXContainerItemProxy */;
		};
		36BA73E22FBA8BE3008EBF57 /* PBXTargetDependency */ = {
			isa = PBXTargetDependency;
			target = 36BA73C12FBA8BE2008EBF57 /* FuelAid */;
			targetProxy = 36BA73E12FBA8BE3008EBF57 /* PBXContainerItemProxy */;
		};
/* End PBXTargetDependency section */

/* Begin XCBuildConfiguration section */
		36BA73EA2FBA8BE3008EBF57 /* Debug */ = {
			isa = XCBuildConfiguration;
			buildSettings = {
				ASSETCATALOG_COMPILER_APPICON_NAME = AppIcon;
				ASSETCATALOG_COMPILER_GLOBAL_ACCENT_COLOR_NAME = AccentColor;
				CODE_SIGN_ENTITLEMENTS = FuelAid/FuelAid.entitlements;
				CODE_SIGN_STYLE = Automatic;
				CURRENT_PROJECT_VERSION = 1;
				DEVELOPMENT_TEAM = FBMVUYP72K;
				ENABLE_PREVIEWS = YES;
				GENERATE_INFOPLIST_FILE = YES;
				INFOPLIST_FILE = FuelAid/Info.plist;
				INFOPLIST_KEY_UIApplicationSceneManifest_Generation = YES;
				INFOPLIST_KEY_UIApplicationSupportsIndirectInputEvents = YES;
				INFOPLIST_KEY_UILaunchScreen_Generation = YES;
				INFOPLIST_KEY_UISupportedInterfaceOrientations_iPad = "UIInterfaceOrientationPortrait UIInterfaceOrientationPortraitUpsideDown UIInterfaceOrientationLandscapeLeft UIInterfaceOrientationLandscapeRight";
				INFOPLIST_KEY_UISupportedInterfaceOrientations_iPhone = "UIInterfaceOrientationPortrait UIInterfaceOrientationLandscapeLeft UIInterfaceOrientationLandscapeRight";
				LD_RUNPATH_SEARCH_PATHS = (
					"$(inherited)",
					"@executable_path/Frameworks",
				);
				MARKETING_VERSION = 1.0;
				PRODUCT_BUNDLE_IDENTIFIER = com.dorfnet.FuelAid;
				PRODUCT_NAME = "$(TARGET_NAME)";
				STRING_CATALOG_GENERATE_SYMBOLS = YES;
				SWIFT_APPROACHABLE_CONCURRENCY = YES;
				SWIFT_DEFAULT_ACTOR_ISOLATION = MainActor;
				SWIFT_EMIT_LOC_STRINGS = YES;
				SWIFT_UPCOMING_FEATURE_MEMBER_IMPORT_VISIBILITY = YES;
				SWIFT_VERSION = 5.0;
				TARGETED_DEVICE_FAMILY = "1,2";
			};
			name = Debug;
		};
		36BA73EB2FBA8BE3008EBF57 /* Release */ = {
			isa = XCBuildConfiguration;
			buildSettings = {
				ASSETCATALOG_COMPILER_APPICON_NAME = AppIcon;
				ASSETCATALOG_COMPILER_GLOBAL_ACCENT_COLOR_NAME = AccentColor;
				CODE_SIGN_ENTITLEMENTS = FuelAid/FuelAid.entitlements;
				CODE_SIGN_STYLE = Automatic;
				CURRENT_PROJECT_VERSION = 1;
				DEVELOPMENT_TEAM = FBMVUYP72K;
				ENABLE_PREVIEWS = YES;
				GENERATE_INFOPLIST_FILE = YES;
				INFOPLIST_FILE = FuelAid/Info.plist;
				INFOPLIST_KEY_UIApplicationSceneManifest_Generation = YES;
				INFOPLIST_KEY_UIApplicationSupportsIndirectInputEvents = YES;
				INFOPLIST_KEY_UILaunchScreen_Generation = YES;
				INFOPLIST_KEY_UISupportedInterfaceOrientations_iPad = "UIInterfaceOrientationPortrait UIInterfaceOrientationPortraitUpsideDown UIInterfaceOrientationLandscapeLeft UIInterfaceOrientationLandscapeRight";
				INFOPLIST_KEY_UISupportedInterfaceOrientations_iPhone = "UIInterfaceOrientationPortrait UIInterfaceOrientationLandscapeLeft UIInterfaceOrientationLandscapeRight";
				LD_RUNPATH_SEARCH_PATHS = (
					"$(inherited)",
					"@executable_path/Frameworks",
				);
				MARKETING_VERSION = 1.0;
				PRODUCT_BUNDLE_IDENTIFIER = com.dorfnet.FuelAid;
				PRODUCT_NAME = "$(TARGET_NAME)";
				STRING_CATALOG_GENERATE_SYMBOLS = YES;
				SWIFT_APPROACHABLE_CONCURRENCY = YES;
				SWIFT_DEFAULT_ACTOR_ISOLATION = MainActor;
				SWIFT_EMIT_LOC_STRINGS = YES;
				SWIFT_UPCOMING_FEATURE_MEMBER_IMPORT_VISIBILITY = YES;
				SWIFT_VERSION = 5.0;
				TARGETED_DEVICE_FAMILY = "1,2";
			};
			name = Release;
		};
		36BA73EC2FBA8BE3008EBF57 /* Debug */ = {
			isa = XCBuildConfiguration;
			buildSettings = {
				ALWAYS_SEARCH_USER_PATHS = NO;
				ASSETCATALOG_COMPILER_GENERATE_SWIFT_ASSET_SYMBOL_EXTENSIONS = YES;
				CLANG_ANALYZER_NONNULL = YES;
				CLANG_ANALYZER_NUMBER_OBJECT_CONVERSION = YES_AGGRESSIVE;
				CLANG_CXX_LANGUAGE_STANDARD = "gnu++20";
				CLANG_ENABLE_MODULES = YES;
				CLANG_ENABLE_OBJC_ARC = YES;
				CLANG_ENABLE_OBJC_WEAK = YES;
				CLANG_WARN_BLOCK_CAPTURE_AUTORELEASING = YES;
				CLANG_WARN_BOOL_CONVERSION = YES;
				CLANG_WARN_COMMA = YES;
				CLANG_WARN_CONSTANT_CONVERSION = YES;
				CLANG_WARN_DEPRECATED_OBJC_IMPLEMENTATIONS = YES;
				CLANG_WARN_DIRECT_OBJC_ISA_USAGE = YES_ERROR;
				CLANG_WARN_DOCUMENTATION_COMMENTS = YES;
				CLANG_WARN_EMPTY_BODY = YES;
				CLANG_WARN_ENUM_CONVERSION = YES;
				CLANG_WARN_INFINITE_RECURSION = YES;
				CLANG_WARN_INT_CONVERSION = YES;
				CLANG_WARN_NON_LITERAL_NULL_CONVERSION = YES;
				CLANG_WARN_OBJC_IMPLICIT_RETAIN_SELF = YES;
				CLANG_WARN_OBJC_LITERAL_CONVERSION = YES;
				CLANG_WARN_OBJC_ROOT_CLASS = YES_ERROR;
				CLANG_WARN_QUOTED_INCLUDE_IN_FRAMEWORK_HEADER = YES;
				CLANG_WARN_RANGE_LOOP_ANALYSIS = YES;
				CLANG_WARN_STRICT_PROTOTYPES = YES;
				CLANG_WARN_SUSPICIOUS_MOVE = YES;
				CLANG_WARN_UNGUARDED_AVAILABILITY = YES_AGGRESSIVE;
				CLANG_WARN_UNREACHABLE_CODE = YES;
				CLANG_WARN__DUPLICATE_METHOD_MATCH = YES;
				COPY_PHASE_STRIP = NO;
				DEBUG_INFORMATION_FORMAT = dwarf;
				DEVELOPMENT_TEAM = FBMVUYP72K;
				ENABLE_STRICT_OBJC_MSGSEND = YES;
				ENABLE_TESTABILITY = YES;
				ENABLE_USER_SCRIPT_SANDBOXING = YES;
				GCC_C_LANGUAGE_STANDARD = gnu17;
				GCC_DYNAMIC_NO_PIC = NO;
				GCC_NO_COMMON_BLOCKS = YES;
				GCC_OPTIMIZATION_LEVEL = 0;
				GCC_PREPROCESSOR_DEFINITIONS = (
					"DEBUG=1",
					"$(inherited)",
				);
				GCC_WARN_64_TO_32_BIT_CONVERSION = YES;
				GCC_WARN_ABOUT_RETURN_TYPE = YES_ERROR;
				GCC_WARN_UNDECLARED_SELECTOR = YES;
				GCC_WARN_UNINITIALIZED_AUTOS = YES_AGGRESSIVE;
				GCC_WARN_UNUSED_FUNCTION = YES;
				GCC_WARN_UNUSED_VARIABLE = YES;
				IPHONEOS_DEPLOYMENT_TARGET = 26.5;
				LOCALIZATION_PREFERS_STRING_CATALOGS = YES;
				MTL_ENABLE_DEBUG_INFO = INCLUDE_SOURCE;
				MTL_FAST_MATH = YES;
				ONLY_ACTIVE_ARCH = YES;
				SDKROOT = iphoneos;
				SWIFT_ACTIVE_COMPILATION_CONDITIONS = "DEBUG $(inherited)";
				SWIFT_OPTIMIZATION_LEVEL = "-Onone";
			};
			name = Debug;
		};
		36BA73ED2FBA8BE3008EBF57 /* Release */ = {
			isa = XCBuildConfiguration;
			buildSettings = {
				ALWAYS_SEARCH_USER_PATHS = NO;
				ASSETCATALOG_COMPILER_GENERATE_SWIFT_ASSET_SYMBOL_EXTENSIONS = YES;
				CLANG_ANALYZER_NONNULL = YES;
				CLANG_ANALYZER_NUMBER_OBJECT_CONVERSION = YES_AGGRESSIVE;
				CLANG_CXX_LANGUAGE_STANDARD = "gnu++20";
				CLANG_ENABLE_MODULES = YES;
				CLANG_ENABLE_OBJC_ARC = YES;
				CLANG_ENABLE_OBJC_WEAK = YES;
				CLANG_WARN_BLOCK_CAPTURE_AUTORELEASING = YES;
				CLANG_WARN_BOOL_CONVERSION = YES;
				CLANG_WARN_COMMA = YES;
				CLANG_WARN_CONSTANT_CONVERSION = YES;
				CLANG_WARN_DEPRECATED_OBJC_IMPLEMENTATIONS = YES;
				CLANG_WARN_DIRECT_OBJC_ISA_USAGE = YES_ERROR;
				CLANG_WARN_DOCUMENTATION_COMMENTS = YES;
				CLANG_WARN_EMPTY_BODY = YES;
				CLANG_WARN_ENUM_CONVERSION = YES;
				CLANG_WARN_INFINITE_RECURSION = YES;
				CLANG_WARN_INT_CONVERSION = YES;
				CLANG_WARN_NON_LITERAL_NULL_CONVERSION = YES;
				CLANG_WARN_OBJC_IMPLICIT_RETAIN_SELF = YES;
				CLANG_WARN_OBJC_LITERAL_CONVERSION = YES;
				CLANG_WARN_OBJC_ROOT_CLASS = YES_ERROR;
				CLANG_WARN_QUOTED_INCLUDE_IN_FRAMEWORK_HEADER = YES;
				CLANG_WARN_RANGE_LOOP_ANALYSIS = YES;
				CLANG_WARN_STRICT_PROTOTYPES = YES;
				CLANG_WARN_SUSPICIOUS_MOVE = YES;
				CLANG_WARN_UNGUARDED_AVAILABILITY = YES_AGGRESSIVE;
				CLANG_WARN_UNREACHABLE_CODE = YES;
				CLANG_WARN__DUPLICATE_METHOD_MATCH = YES;
				COPY_PHASE_STRIP = NO;
				DEBUG_INFORMATION_FORMAT = "dwarf-with-dsym";
				DEVELOPMENT_TEAM = FBMVUYP72K;
				ENABLE_NS_ASSERTIONS = NO;
				ENABLE_STRICT_OBJC_MSGSEND = YES;
				ENABLE_USER_SCRIPT_SANDBOXING = YES;
				GCC_C_LANGUAGE_STANDARD = gnu17;
				GCC_NO_COMMON_BLOCKS = YES;
				GCC_WARN_64_TO_32_BIT_CONVERSION = YES;
				GCC_WARN_ABOUT_RETURN_TYPE = YES_ERROR;
				GCC_WARN_UNDECLARED_SELECTOR = YES;
				GCC_WARN_UNINITIALIZED_AUTOS = YES_AGGRESSIVE;
				GCC_WARN_UNUSED_FUNCTION = YES;
				GCC_WARN_UNUSED_VARIABLE = YES;
				IPHONEOS_DEPLOYMENT_TARGET = 26.5;
				LOCALIZATION_PREFERS_STRING_CATALOGS = YES;
				MTL_ENABLE_DEBUG_INFO = NO;
				MTL_FAST_MATH = YES;
				SDKROOT = iphoneos;
				SWIFT_COMPILATION_MODE = wholemodule;
				VALIDATE_PRODUCT = YES;
			};
			name = Release;
		};
		36BA73EF2FBA8BE3008EBF57 /* Debug */ = {
			isa = XCBuildConfiguration;
			buildSettings = {
				BUNDLE_LOADER = "$(TEST_HOST)";
				CODE_SIGN_STYLE = Automatic;
				CURRENT_PROJECT_VERSION = 1;
				DEVELOPMENT_TEAM = FBMVUYP72K;
				GENERATE_INFOPLIST_FILE = YES;
				IPHONEOS_DEPLOYMENT_TARGET = 26.5;
				MARKETING_VERSION = 1.0;
				PRODUCT_BUNDLE_IDENTIFIER = com.dorfnet.FuelAidTests;
				PRODUCT_NAME = "$(TARGET_NAME)";
				STRING_CATALOG_GENERATE_SYMBOLS = NO;
				SWIFT_APPROACHABLE_CONCURRENCY = YES;
				SWIFT_EMIT_LOC_STRINGS = NO;
				SWIFT_UPCOMING_FEATURE_MEMBER_IMPORT_VISIBILITY = YES;
				SWIFT_VERSION = 5.0;
				TARGETED_DEVICE_FAMILY = "1,2";
				TEST_HOST = "$(BUILT_PRODUCTS_DIR)/FuelAid.app/$(BUNDLE_EXECUTABLE_FOLDER_PATH)/FuelAid";
			};
			name = Debug;
		};
		36BA73F02FBA8BE3008EBF57 /* Release */ = {
			isa = XCBuildConfiguration;
			buildSettings = {
				BUNDLE_LOADER = "$(TEST_HOST)";
				CODE_SIGN_STYLE = Automatic;
				CURRENT_PROJECT_VERSION = 1;
				DEVELOPMENT_TEAM = FBMVUYP72K;
				GENERATE_INFOPLIST_FILE = YES;
				IPHONEOS_DEPLOYMENT_TARGET = 26.5;
				MARKETING_VERSION = 1.0;
				PRODUCT_BUNDLE_IDENTIFIER = com.dorfnet.FuelAidTests;
				PRODUCT_NAME = "$(TARGET_NAME)";
				STRING_CATALOG_GENERATE_SYMBOLS = NO;
				SWIFT_APPROACHABLE_CONCURRENCY = YES;
				SWIFT_EMIT_LOC_STRINGS = NO;
				SWIFT_UPCOMING_FEATURE_MEMBER_IMPORT_VISIBILITY = YES;
				SWIFT_VERSION = 5.0;
				TARGETED_DEVICE_FAMILY = "1,2";
				TEST_HOST = "$(BUILT_PRODUCTS_DIR)/FuelAid.app/$(BUNDLE_EXECUTABLE_FOLDER_PATH)/FuelAid";
			};
			name = Release;
		};
		36BA73F22FBA8BE3008EBF57 /* Debug */ = {
			isa = XCBuildConfiguration;
			buildSettings = {
				CODE_SIGN_STYLE = Automatic;
				CURRENT_PROJECT_VERSION = 1;
				DEVELOPMENT_TEAM = FBMVUYP72K;
				GENERATE_INFOPLIST_FILE = YES;
				MARKETING_VERSION = 1.0;
				PRODUCT_BUNDLE_IDENTIFIER = com.dorfnet.FuelAidUITests;
				PRODUCT_NAME = "$(TARGET_NAME)";
				STRING_CATALOG_GENERATE_SYMBOLS = NO;
				SWIFT_APPROACHABLE_CONCURRENCY = YES;
				SWIFT_EMIT_LOC_STRINGS = NO;
				SWIFT_UPCOMING_FEATURE_MEMBER_IMPORT_VISIBILITY = YES;
				SWIFT_VERSION = 5.0;
				TARGETED_DEVICE_FAMILY = "1,2";
				TEST_TARGET_NAME = FuelAid;
			};
			name = Debug;
		};
		36BA73F32FBA8BE3008EBF57 /* Release */ = {
			isa = XCBuildConfiguration;
			buildSettings = {
				CODE_SIGN_STYLE = Automatic;
				CURRENT_PROJECT_VERSION = 1;
				DEVELOPMENT_TEAM = FBMVUYP72K;
				GENERATE_INFOPLIST_FILE = YES;
				MARKETING_VERSION = 1.0;
				PRODUCT_BUNDLE_IDENTIFIER = com.dorfnet.FuelAidUITests;
				PRODUCT_NAME = "$(TARGET_NAME)";
				STRING_CATALOG_GENERATE_SYMBOLS = NO;
				SWIFT_APPROACHABLE_CONCURRENCY = YES;
				SWIFT_EMIT_LOC_STRINGS = NO;
				SWIFT_UPCOMING_FEATURE_MEMBER_IMPORT_VISIBILITY = YES;
				SWIFT_VERSION = 5.0;
				TARGETED_DEVICE_FAMILY = "1,2";
				TEST_TARGET_NAME = FuelAid;
			};
			name = Release;
		};
/* End XCBuildConfiguration section */

/* Begin XCConfigurationList section */
		36BA73BD2FBA8BE2008EBF57 /* Build configuration list for PBXProject "FuelAid" */ = {
			isa = XCConfigurationList;
			buildConfigurations = (
				36BA73EC2FBA8BE3008EBF57 /* Debug */,
				36BA73ED2FBA8BE3008EBF57 /* Release */,
			);
			defaultConfigurationIsVisible = 0;
			defaultConfigurationName = Release;
		};
		36BA73E92FBA8BE3008EBF57 /* Build configuration list for PBXNativeTarget "FuelAid" */ = {
			isa = XCConfigurationList;
			buildConfigurations = (
				36BA73EA2FBA8BE3008EBF57 /* Debug */,
				36BA73EB2FBA8BE3008EBF57 /* Release */,
			);
			defaultConfigurationIsVisible = 0;
			defaultConfigurationName = Release;
		};
		36BA73EE2FBA8BE3008EBF57 /* Build configuration list for PBXNativeTarget "FuelAidTests" */ = {
			isa = XCConfigurationList;
			buildConfigurations = (
				36BA73EF2FBA8BE3008EBF57 /* Debug */,
				36BA73F02FBA8BE3008EBF57 /* Release */,
			);
			defaultConfigurationIsVisible = 0;
			defaultConfigurationName = Release;
		};
		36BA73F12FBA8BE3008EBF57 /* Build configuration list for PBXNativeTarget "FuelAidUITests" */ = {
			isa = XCConfigurationList;
			buildConfigurations = (
				36BA73F22FBA8BE3008EBF57 /* Debug */,
				36BA73F32FBA8BE3008EBF57 /* Release */,
			);
			defaultConfigurationIsVisible = 0;
			defaultConfigurationName = Release;
		};
/* End XCConfigurationList section */
	};
	rootObject = 36BA73BA2FBA8BE2008EBF57 /* Project object */;
}
